
Microsoft Visual Studio Solution File, Format Version 12.00
# Visual Studio 15
VisualStudioVersion = 15.0.28307.1209
MinimumVisualStudioVersion = 10.0.40219.1
Project("{8BC9CEB8-8B4A-11D0-8D11-00A0C91BC942}") = "KasaEnergyLogger", "KasaEnergyLogger.vcxproj", "{F72002F2-EBD2-47CB-BEF4-C6DED6845D74}"
EndProject
Global
	GlobalSection(SolutionConfigurationPlatforms) = preSolution
		Debug|ARM = Debug|ARM
		Debug|ARM64 = Debug|ARM64
		Debug|x64 = Debug|x64
		Release|ARM = Release|ARM
		Release|ARM64 = Release|ARM64
		Release|x64 = Release|x64
	EndGlobalSection
	GlobalSection(ProjectConfigurationPlatforms) = postSolution
		{F72002F2-EBD2-47CB-BEF4-C6DED6845D74}.Debug|ARM.ActiveCfg = Debug|ARM
		{F72002F2-EBD2-47CB-BEF4-C6DED6845D74}.Debug|ARM.Build.0 = Debug|ARM
		{F72002F2-EBD2-47CB-BEF4-C6DED6845D74}.Debug|ARM64.ActiveCfg = Debug|ARM64
		{F72002F2-EBD2-47CB-BEF4-C6DED6845D74}.Debug|ARM64.Build.0 = Debug|ARM64
		{F72002F2-EBD2-47CB-BEF4-C6DED6845D74}.Debug|x64.ActiveCfg = Debug|x64
		{F72002F2-EBD2-47CB-BEF4-C6DED6845D74}.Debug|x64.Build.0 = Debug|x64
		{F72002F2-EBD2-47CB-BEF4-C6DED6845D74}.Release|ARM.ActiveCfg = Release|ARM
		{F72002F2-EBD2-47CB-BEF4-C6DED6845D74}.Release|ARM.Build.0 = Release|ARM
		{F72002F2-EBD2-47CB-BEF4-C6DED6845D74}.Release|ARM64.ActiveCfg = Release|ARM64
		{F72002F2-EBD2-47CB-BEF4-C6DED6845D74}.Release|ARM64.Build.0 = Release|ARM64
		{F72002F2-EBD2-47CB-BEF4-C6DED6845D74}.Release|x64.ActiveCfg = Release|x64
		{F72002F2-EBD2-47CB-BEF4-C6DED6845D74}.Release|x64.Build.0 = Release|x64
	EndGlobalSection
	GlobalSection(SolutionProperties) = preSolution
		HideSolutionNode = FALSE
	EndGlobalSection
	GlobalSection(ExtensibilityGlobals) = postSolution
		SolutionGuid = {EF938F04-E4C6-4886-8F36-82F40CFD6649}
	EndGlobalSection
EndGlobal
